// !$*UTF8*$!
{
	archiveVersion = 1;
	classes = {
	};
	objectVersion = 55;
	objects = {

/* Begin PBXBuildFile section */
		2C6887162827DF8B0021C613 /* AppDelegate.swift in Sources */ = {isa = PBXBuildFile; fileRef = 2C6887152827DF8B0021C613 /* AppDelegate.swift */; };
		2C6887182827DF8B0021C613 /* SceneDelegate.swift in Sources */ = {isa = PBXBuildFile; fileRef = 2C6887172827DF8B0021C613 /* SceneDelegate.swift */; };
		2C68871A2827DF8B0021C613 /* HomeViewController.swift in Sources */ = {isa = PBXBuildFile; fileRef = 2C6887192827DF8B0021C613 /* HomeViewController.swift */; };
		2C68871D2827DF8B0021C613 /* Main.storyboard in Resources */ = {isa = PBXBuildFile; fileRef = 2C68871B2827DF8B0021C613 /* Main.storyboard */; };
		2C6887202827DF8B0021C613 /* NetflixExample_AppCenter.xcdatamodeld in Sources */ = {isa = PBXBuildFile; fileRef = 2C68871E2827DF8B0021C613 /* NetflixExample_AppCenter.xcdatamodeld */; };
		2C6887222827DF8D0021C613 /* Assets.xcassets in Resources */ = {isa = PBXBuildFile; fileRef = 2C6887212827DF8D0021C613 /* Assets.xcassets */; };
		2C6887252827DF8D0021C613 /* LaunchScreen.storyboard in Resources */ = {isa = PBXBuildFile; fileRef = 2C6887232827DF8D0021C613 /* LaunchScreen.storyboard */; };
		2C6887492827E0400021C613 /* AppTabbarControlller.swift in Sources */ = {isa = PBXBuildFile; fileRef = 2C6887482827E0400021C613 /* AppTabbarControlller.swift */; };
		2C927DB52828E3400045DED8 /* RecommendListViewController.swift in Sources */ = {isa = PBXBuildFile; fileRef = 2C927DB42828E3400045DED8 /* RecommendListViewController.swift */; };
/* End PBXBuildFile section */

/* Begin PBXContainerItemProxy section */
		2C68872C2827DF8D0021C613 /* PBXContainerItemProxy */ = {
			isa = PBXContainerItemProxy;
			containerPortal = 2C68870A2827DF8B0021C613 /* Project object */;
			proxyType = 1;
			remoteGlobalIDString = 2C6887112827DF8B0021C613;
			remoteInfo = NetflixExample_AppCenter;
		};
		2C6887362827DF8D0021C613 /* PBXContainerItemProxy */ = {
			isa = PBXContainerItemProxy;
			containerPortal = 2C68870A2827DF8B0021C613 /* Project object */;
			proxyType = 1;
			remoteGlobalIDString = 2C6887112827DF8B0021C613;
			remoteInfo = NetflixExample_AppCenter;
		};
/* End PBXContainerItemProxy section */

/* Begin PBXFileReference section */
		2C6887122827DF8B0021C613 /* NetflixExample_AppCenter.app */ = {isa = PBXFileReference; explicitFileType = wrapper.application; includeInIndex = 0; path = NetflixExample_AppCenter.app; sourceTree = BUILT_PRODUCTS_DIR; };
		2C6887152827DF8B0021C613 /* AppDelegate.swift */ = {isa = PBXFileReference; lastKnownFileType = sourcecode.swift; path = AppDelegate.swift; sourceTree = "<group>"; };
		2C6887172827DF8B0021C613 /* SceneDelegate.swift */ = {isa = PBXFileReference; lastKnownFileType = sourcecode.swift; path = SceneDelegate.swift; sourceTree = "<group>"; };
		2C6887192827DF8B0021C613 /* HomeViewController.swift */ = {isa = PBXFileReference; lastKnownFileType = sourcecode.swift; path = HomeViewController.swift; sourceTree = "<group>"; };
		2C68871C2827DF8B0021C613 /* Base */ = {isa = PBXFileReference; lastKnownFileType = file.storyboard; name = Base; path = Base.lproj/Main.storyboard; sourceTree = "<group>"; };
		2C68871F2827DF8B0021C613 /* NetflixExample_AppCenter.xcdatamodel */ = {isa = PBXFileReference; lastKnownFileType = wrapper.xcdatamodel; path = NetflixExample_AppCenter.xcdatamodel; sourceTree = "<group>"; };
		2C6887212827DF8D0021C613 /* Assets.xcassets */ = {isa = PBXFileReference; lastKnownFileType = folder.assetcatalog; path = Assets.xcassets; sourceTree = "<group>"; };
		2C6887242827DF8D0021C613 /* Base */ = {isa = PBXFileReference; lastKnownFileType = file.storyboard; name = Base; path = Base.lproj/LaunchScreen.storyboard; sourceTree = "<group>"; };
		2C6887262827DF8D0021C613 /* Info.plist */ = {isa = PBXFileReference; lastKnownFileType = text.plist.xml; path = Info.plist; sourceTree = "<group>"; };
		2C68872B2827DF8D0021C613 /* NetflixExample_AppCenterTests.xctest */ = {isa = PBXFileReference; explicitFileType = wrapper.cfbundle; includeInIndex = 0; path = NetflixExample_AppCenterTests.xctest; sourceTree = BUILT_PRODUCTS_DIR; };
		2C6887352827DF8D0021C613 /* NetflixExample_AppCenterUITests.xctest */ = {isa = PBXFileReference; explicitFileType = wrapper.cfbundle; includeInIndex = 0; path = NetflixExample_AppCenterUITests.xctest; sourceTree = BUILT_PRODUCTS_DIR; };
		2C6887482827E0400021C613 /* AppTabbarControlller.swift */ = {isa = PBXFileReference; lastKnownFileType = sourcecode.swift; path = AppTabbarControlller.swift; sourceTree = "<group>"; };
		2C927DB42828E3400045DED8 /* RecommendListViewController.swift */ = {isa = PBXFileReference; lastKnownFileType = sourcecode.swift; path = RecommendListViewController.swift; sourceTree = "<group>"; };
/* End PBXFileReference section */

/* Begin PBXFrameworksBuildPhase section */
		2C68870F2827DF8B0021C613 /* Frameworks */ = {
			isa = PBXFrameworksBuildPhase;
			buildActionMask = 2147483647;
			files = (
			);
			runOnlyForDeploymentPostprocessing = 0;
		};
		2C6887282827DF8D0021C613 /* Frameworks */ = {
			isa = PBXFrameworksBuildPhase;
			buildActionMask = 2147483647;
			files = (
			);
			runOnlyForDeploymentPostprocessing = 0;
		};
		2C6887322827DF8D0021C613 /* Frameworks */ = {
			isa = PBXFrameworksBuildPhase;
			buildActionMask = 2147483647;
			files = (
			);
			runOnlyForDeploymentPostprocessing = 0;
		};
/* End PBXFrameworksBuildPhase section */

/* Begin PBXGroup section */
		2C6887092827DF8B0021C613 = {
			isa = PBXGroup;
			children = (
				2C6887142827DF8B0021C613 /* NetflixExample_AppCenter */,
				2C6887132827DF8B0021C613 /* Products */,
			);
			sourceTree = "<group>";
		};
		2C6887132827DF8B0021C613 /* Products */ = {
			isa = PBXGroup;
			children = (
				2C6887122827DF8B0021C613 /* NetflixExample_AppCenter.app */,
				2C68872B2827DF8D0021C613 /* NetflixExample_AppCenterTests.xctest */,
				2C6887352827DF8D0021C613 /* NetflixExample_AppCenterUITests.xctest */,
			);
			name = Products;
			sourceTree = "<group>";
		};
		2C6887142827DF8B0021C613 /* NetflixExample_AppCenter */ = {
			isa = PBXGroup;
			children = (
				2C68874A2827E04D0021C613 /* VC */,
				2C6887152827DF8B0021C613 /* AppDelegate.swift */,
				2C6887172827DF8B0021C613 /* SceneDelegate.swift */,
				2C68871B2827DF8B0021C613 /* Main.storyboard */,
				2C6887212827DF8D0021C613 /* Assets.xcassets */,
				2C6887232827DF8D0021C613 /* LaunchScreen.storyboard */,
				2C6887262827DF8D0021C613 /* Info.plist */,
				2C68871E2827DF8B0021C613 /* NetflixExample_AppCenter.xcdatamodeld */,
			);
			path = NetflixExample_AppCenter;
			sourceTree = "<group>";
		};
		2C68874A2827E04D0021C613 /* VC */ = {
			isa = PBXGroup;
			children = (
				2C6887482827E0400021C613 /* AppTabbarControlller.swift */,
				2C6887192827DF8B0021C613 /* HomeViewController.swift */,
				2C927DB42828E3400045DED8 /* RecommendListViewController.swift */,
			);
			path = VC;
			sourceTree = "<group>";
		};
/* End PBXGroup section */

/* Begin PBXNativeTarget section */
		2C6887112827DF8B0021C613 /* NetflixExample_AppCenter */ = {
			isa = PBXNativeTarget;
			buildConfigurationList = 2C68873F2827DF8D0021C613 /* Build configuration list for PBXNativeTarget "NetflixExample_AppCenter" */;
			buildPhases = (
				2C68870E2827DF8B0021C613 /* Sources */,
				2C68870F2827DF8B0021C613 /* Frameworks */,
				2C6887102827DF8B0021C613 /* Resources */,
			);
			buildRules = (
			);
			dependencies = (
			);
			name = NetflixExample_AppCenter;
			productName = NetflixExample_AppCenter;
			productReference = 2C6887122827DF8B0021C613 /* NetflixExample_AppCenter.app */;
			productType = "com.apple.product-type.application";
		};
		2C68872A2827DF8D0021C613 /* NetflixExample_AppCenterTests */ = {
			isa = PBXNativeTarget;
			buildConfigurationList = 2C6887422827DF8D0021C613 /* Build configuration list for PBXNativeTarget "NetflixExample_AppCenterTests" */;
			buildPhases = (
				2C6887272827DF8D0021C613 /* Sources */,
				2C6887282827DF8D0021C613 /* Frameworks */,
				2C6887292827DF8D0021C613 /* Resources */,
			);
			buildRules = (
			);
			dependencies = (
				2C68872D2827DF8D0021C613 /* PBXTargetDependency */,
			);
			name = NetflixExample_AppCenterTests;
			productName = NetflixExample_AppCenterTests;
			productReference = 2C68872B2827DF8D0021C613 /* NetflixExample_AppCenterTests.xctest */;
			productType = "com.apple.product-type.bundle.unit-test";
		};
		2C6887342827DF8D0021C613 /* NetflixExample_AppCenterUITests */ = {
			isa = PBXNativeTarget;
			buildConfigurationList = 2C6887452827DF8D0021C613 /* Build configuration list for PBXNativeTarget "NetflixExample_AppCenterUITests" */;
			buildPhases = (
				2C6887312827DF8D0021C613 /* Sources */,
				2C6887322827DF8D0021C613 /* Frameworks */,
				2C6887332827DF8D0021C613 /* Resources */,
			);
			buildRules = (
			);
			dependencies = (
				2C6887372827DF8D0021C613 /* PBXTargetDependency */,
			);
			name = NetflixExample_AppCenterUITests;
			productName = NetflixExample_AppCenterUITests;
			productReference = 2C6887352827DF8D0021C613 /* NetflixExample_AppCenterUITests.xctest */;
			productType = "com.apple.product-type.bundle.ui-testing";
		};
/* End PBXNativeTarget section */

/* Begin PBXProject section */
		2C68870A2827DF8B0021C613 /* Project object */ = {
			isa = PBXProject;
			attributes = {
				BuildIndependentTargetsInParallel = 1;
				LastSwiftUpdateCheck = 1330;
				LastUpgradeCheck = 1330;
				TargetAttributes = {
					2C6887112827DF8B0021C613 = {
						CreatedOnToolsVersion = 13.3.1;
					};
					2C68872A2827DF8D0021C613 = {
						CreatedOnToolsVersion = 13.3.1;
						TestTargetID = 2C6887112827DF8B0021C613;
					};
					2C6887342827DF8D0021C613 = {
						CreatedOnToolsVersion = 13.3.1;
						TestTargetID = 2C6887112827DF8B0021C613;
					};
				};
			};
			buildConfigurationList = 2C68870D2827DF8B0021C613 /* Build configuration list for PBXProject "NetflixExample_AppCenter" */;
			compatibilityVersion = "Xcode 13.0";
			developmentRegion = en;
			hasScannedForEncodings = 0;
			knownRegions = (
				en,
				Base,
			);
			mainGroup = 2C6887092827DF8B0021C613;
			productRefGroup = 2C6887132827DF8B0021C613 /* Products */;
			projectDirPath = "";
			projectRoot = "";
			targets = (
				2C6887112827DF8B0021C613 /* NetflixExample_AppCenter */,
				2C68872A2827DF8D0021C613 /* NetflixExample_AppCenterTests */,
				2C6887342827DF8D0021C613 /* NetflixExample_AppCenterUITests */,
			);
		};
/* End PBXProject section */

/* Begin PBXResourcesBuildPhase section */
		2C6887102827DF8B0021C613 /* Resources */ = {
			isa = PBXResourcesBuildPhase;
			buildActionMask = 2147483647;
			files = (
				2C6887252827DF8D0021C613 /* LaunchScreen.storyboard in Resources */,
				2C6887222827DF8D0021C613 /* Assets.xcassets in Resources */,
				2C68871D2827DF8B0021C613 /* Main.storyboard in Resources */,
			);
			runOnlyForDeploymentPostprocessing = 0;
		};
		2C6887292827DF8D0021C613 /* Resources */ = {
			isa = PBXResourcesBuildPhase;
			buildActionMask = 2147483647;
			files = (
			);
			runOnlyForDeploymentPostprocessing = 0;
		};
		2C6887332827DF8D0021C613 /* Resources */ = {
			isa = PBXResourcesBuildPhase;
			buildActionMask = 2147483647;
			files = (
			);
			runOnlyForDeploymentPostprocessing = 0;
		};
/* End PBXResourcesBuildPhase section */

/* Begin PBXSourcesBuildPhase section */
		2C68870E2827DF8B0021C613 /* Sources */ = {
			isa = PBXSourcesBuildPhase;
			buildActionMask = 2147483647;
			files = (
				2C6887202827DF8B0021C613 /* NetflixExample_AppCenter.xcdatamodeld in Sources */,
				2C68871A2827DF8B0021C613 /* HomeViewController.swift in Sources */,
				2C6887162827DF8B0021C613 /* AppDelegate.swift in Sources */,
				2C927DB52828E3400045DED8 /* RecommendListViewController.swift in Sources */,
				2C6887492827E0400021C613 /* AppTabbarControlller.swift in Sources */,
				2C6887182827DF8B0021C613 /* SceneDelegate.swift in Sources */,
			);
			runOnlyForDeploymentPostprocessing = 0;
		};
		2C6887272827DF8D0021C613 /* Sources */ = {
			isa = PBXSourcesBuildPhase;
			buildActionMask = 2147483647;
			files = (
			);
			runOnlyForDeploymentPostprocessing = 0;
		};
		2C6887312827DF8D0021C613 /* Sources */ = {
			isa = PBXSourcesBuildPhase;
			buildActionMask = 2147483647;
			files = (
			);
			runOnlyForDeploymentPostprocessing = 0;
		};
/* End PBXSourcesBuildPhase section */

/* Begin PBXTargetDependency section */
		2C68872D2827DF8D0021C613 /* PBXTargetDependency */ = {
			isa = PBXTargetDependency;
			target = 2C6887112827DF8B0021C613 /* NetflixExample_AppCenter */;
			targetProxy = 2C68872C2827DF8D0021C613 /* PBXContainerItemProxy */;
		};
		2C6887372827DF8D0021C613 /* PBXTargetDependency */ = {
			isa = PBXTargetDependency;
			target = 2C6887112827DF8B0021C613 /* NetflixExample_AppCenter */;
			targetProxy = 2C6887362827DF8D0021C613 /* PBXContainerItemProxy */;
		};
/* End PBXTargetDependency section */

/* Begin PBXVariantGroup section */
		2C68871B2827DF8B0021C613 /* Main.storyboard */ = {
			isa = PBXVariantGroup;
			children = (
				2C68871C2827DF8B0021C613 /* Base */,
			);
			name = Main.storyboard;
			sourceTree = "<group>";
		};
		2C6887232827DF8D0021C613 /* LaunchScreen.storyboard */ = {
			isa = PBXVariantGroup;
			children = (
				2C6887242827DF8D0021C613 /* Base */,
			);
			name = LaunchScreen.storyboard;
			sourceTree = "<group>";
		};
/* End PBXVariantGroup section */

/* Begin XCBuildConfiguration section */
		2C68873D2827DF8D0021C613 /* Debug */ = {
			isa = XCBuildConfiguration;
			buildSettings = {
				ALWAYS_SEARCH_USER_PATHS = NO;
				CLANG_ANALYZER_NONNULL = YES;
				CLANG_ANALYZER_NUMBER_OBJECT_CONVERSION = YES_AGGRESSIVE;
				CLANG_CXX_LANGUAGE_STANDARD = "gnu++17";
				CLANG_ENABLE_MODULES = YES;
				CLANG_ENABLE_OBJC_ARC = YES;
				CLANG_ENABLE_OBJC_WEAK = YES;
				CLANG_WARN_BLOCK_CAPTURE_AUTORELEASING = YES;
				CLANG_WARN_BOOL_CONVERSION = YES;
				CLANG_WARN_COMMA = YES;
				CLANG_WARN_CONSTANT_CONVERSION = YES;
				CLANG_WARN_DEPRECATED_OBJC_IMPLEMENTATIONS = YES;
				CLANG_WARN_DIRECT_OBJC_ISA_USAGE = YES_ERROR;
				CLANG_WARN_DOCUMENTATION_COMMENTS = YES;
				CLANG_WARN_EMPTY_BODY = YES;
				CLANG_WARN_ENUM_CONVERSION = YES;
				CLANG_WARN_INFINITE_RECURSION = YES;
				CLANG_WARN_INT_CONVERSION = YES;
				CLANG_WARN_NON_LITERAL_NULL_CONVERSION = YES;
				CLANG_WARN_OBJC_IMPLICIT_RETAIN_SELF = YES;
				CLANG_WARN_OBJC_LITERAL_CONVERSION = YES;
				CLANG_WARN_OBJC_ROOT_CLASS = YES_ERROR;
				CLANG_WARN_QUOTED_INCLUDE_IN_FRAMEWORK_HEADER = YES;
				CLANG_WARN_RANGE_LOOP_ANALYSIS = YES;
				CLANG_WARN_STRICT_PROTOTYPES = YES;
				CLANG_WARN_SUSPICIOUS_MOVE = YES;
				CLANG_WARN_UNGUARDED_AVAILABILITY = YES_AGGRESSIVE;
				CLANG_WARN_UNREACHABLE_CODE = YES;
				CLANG_WARN__DUPLICATE_METHOD_MATCH = YES;
				COPY_PHASE_STRIP = NO;
				DEBUG_INFORMATION_FORMAT = dwarf;
				ENABLE_STRICT_OBJC_MSGSEND = YES;
				ENABLE_TESTABILITY = YES;
				GCC_C_LANGUAGE_STANDARD = gnu11;
				GCC_DYNAMIC_NO_PIC = NO;
				GCC_NO_COMMON_BLOCKS = YES;
				GCC_OPTIMIZATION_LEVEL = 0;
				GCC_PREPROCESSOR_DEFINITIONS = (
					"DEBUG=1",
					"$(inherited)",
				);
				GCC_WARN_64_TO_32_BIT_CONVERSION = YES;
				GCC_WARN_ABOUT_RETURN_TYPE = YES_ERROR;
				GCC_WARN_UNDECLARED_SELECTOR = YES;
				GCC_WARN_UNINITIALIZED_AUTOS = YES_AGGRESSIVE;
				GCC_WARN_UNUSED_FUNCTION = YES;
				GCC_WARN_UNUSED_VARIABLE = YES;
				IPHONEOS_DEPLOYMENT_TARGET = 15.4;
				MTL_ENABLE_DEBUG_INFO = INCLUDE_SOURCE;
				MTL_FAST_MATH = YES;
				ONLY_ACTIVE_ARCH = YES;
				SDKROOT = iphoneos;
				SWIFT_ACTIVE_COMPILATION_CONDITIONS = DEBUG;
				SWIFT_OPTIMIZATION_LEVEL = "-Onone";
			};
			name = Debug;
		};
		2C68873E2827DF8D0021C613 /* Release */ = {
			isa = XCBuildConfiguration;
			buildSettings = {
				ALWAYS_SEARCH_USER_PATHS = NO;
				CLANG_ANALYZER_NONNULL = YES;
				CLANG_ANALYZER_NUMBER_OBJECT_CONVERSION = YES_AGGRESSIVE;
				CLANG_CXX_LANGUAGE_STANDARD = "gnu++17";
				CLANG_ENABLE_MODULES = YES;
				CLANG_ENABLE_OBJC_ARC = YES;
				CLANG_ENABLE_OBJC_WEAK = YES;
				CLANG_WARN_BLOCK_CAPTURE_AUTORELEASING = YES;
				CLANG_WARN_BOOL_CONVERSION = YES;
				CLANG_WARN_COMMA = YES;
				CLANG_WARN_CONSTANT_CONVERSION = YES;
				CLANG_WARN_DEPRECATED_OBJC_IMPLEMENTATIONS = YES;
				CLANG_WARN_DIRECT_OBJC_ISA_USAGE = YES_ERROR;
				CLANG_WARN_DOCUMENTATION_COMMENTS = YES;
				CLANG_WARN_EMPTY_BODY = YES;
				CLANG_WARN_ENUM_CONVERSION = YES;
				CLANG_WARN_INFINITE_RECURSION = YES;
				CLANG_WARN_INT_CONVERSION = YES;
				CLANG_WARN_NON_LITERAL_NULL_CONVERSION = YES;
				CLANG_WARN_OBJC_IMPLICIT_RETAIN_SELF = YES;
				CLANG_WARN_OBJC_LITERAL_CONVERSION = YES;
				CLANG_WARN_OBJC_ROOT_CLASS = YES_ERROR;
				CLANG_WARN_QUOTED_INCLUDE_IN_FRAMEWORK_HEADER = YES;
				CLANG_WARN_RANGE_LOOP_ANALYSIS = YES;
				CLANG_WARN_STRICT_PROTOTYPES = YES;
				CLANG_WARN_SUSPICIOUS_MOVE = YES;
				CLANG_WARN_UNGUARDED_AVAILABILITY = YES_AGGRESSIVE;
				CLANG_WARN_UNREACHABLE_CODE = YES;
				CLANG_WARN__DUPLICATE_METHOD_MATCH = YES;
				COPY_PHASE_STRIP = NO;
				DEBUG_INFORMATION_FORMAT = "dwarf-with-dsym";
				ENABLE_NS_ASSERTIONS = NO;
				ENABLE_STRICT_OBJC_MSGSEND = YES;
				GCC_C_LANGUAGE_STANDARD = gnu11;
				GCC_NO_COMMON_BLOCKS = YES;
				GCC_WARN_64_TO_32_BIT_CONVERSION = YES;
				GCC_WARN_ABOUT_RETURN_TYPE = YES_ERROR;
				GCC_WARN_UNDECLARED_SELECTOR = YES;
				GCC_WARN_UNINITIALIZED_AUTOS = YES_AGGRESSIVE;
				GCC_WARN_UNUSED_FUNCTION = YES;
				GCC_WARN_UNUSED_VARIABLE = YES;
				IPHONEOS_DEPLOYMENT_TARGET = 15.4;
				MTL_ENABLE_DEBUG_INFO = NO;
				MTL_FAST_MATH = YES;
				SDKROOT = iphoneos;
				SWIFT_COMPILATION_MODE = wholemodule;
				SWIFT_OPTIMIZATION_LEVEL = "-O";
				VALIDATE_PRODUCT = YES;
			};
			name = Release;
		};
		2C6887402827DF8D0021C613 /* Debug */ = {
			isa = XCBuildConfiguration;
			buildSettings = {
				ASSETCATALOG_COMPILER_APPICON_NAME = AppIcon;
				ASSETCATALOG_COMPILER_GLOBAL_ACCENT_COLOR_NAME = AccentColor;
				CODE_SIGN_STYLE = Automatic;
				CURRENT_PROJECT_VERSION = 1;
				DEVELOPMENT_TEAM = 899UYL8QU3;
				GENERATE_INFOPLIST_FILE = YES;
				INFOPLIST_FILE = NetflixExample_AppCenter/Info.plist;
				INFOPLIST_KEY_UIApplicationSupportsIndirectInputEvents = YES;
				INFOPLIST_KEY_UILaunchStoryboardName = LaunchScreen;
				INFOPLIST_KEY_UIMainStoryboardFile = Main;
				INFOPLIST_KEY_UISupportedInterfaceOrientations_iPad = "UIInterfaceOrientationPortrait UIInterfaceOrientationPortraitUpsideDown UIInterfaceOrientationLandscapeLeft UIInterfaceOrientationLandscapeRight";
				INFOPLIST_KEY_UISupportedInterfaceOrientations_iPhone = "UIInterfaceOrientationPortrait UIInterfaceOrientationLandscapeLeft UIInterfaceOrientationLandscapeRight";
				LD_RUNPATH_SEARCH_PATHS = (
					"$(inherited)",
					"@executable_path/Frameworks",
				);
				MARKETING_VERSION = 1.0;
				PRODUCT_BUNDLE_IDENTIFIER = "com.hyungyu.NetflixExample-AppCenter";
				PRODUCT_NAME = "$(TARGET_NAME)";
				SWIFT_EMIT_LOC_STRINGS = YES;
				SWIFT_VERSION = 5.0;
				TARGETED_DEVICE_FAMILY = "1,2";
			};
			name = Debug;
		};
		2C6887412827DF8D0021C613 /* Release */ = {
			isa = XCBuildConfiguration;
			buildSettings = {
				ASSETCATALOG_COMPILER_APPICON_NAME = AppIcon;
				ASSETCATALOG_COMPILER_GLOBAL_ACCENT_COLOR_NAME = AccentColor;
				CODE_SIGN_STYLE = Automatic;
				CURRENT_PROJECT_VERSION = 1;
				DEVELOPMENT_TEAM = 899UYL8QU3;
				GENERATE_INFOPLIST_FILE = YES;
				INFOPLIST_FILE = NetflixExample_AppCenter/Info.plist;
				INFOPLIST_KEY_UIApplicationSupportsIndirectInputEvents = YES;
				INFOPLIST_KEY_UILaunchStoryboardName = LaunchScreen;
				INFOPLIST_KEY_UIMainStoryboardFile = Main;
				INFOPLIST_KEY_UISupportedInterfaceOrientations_iPad = "UIInterfaceOrientationPortrait UIInterfaceOrientationPortraitUpsideDown UIInterfaceOrientationLandscapeLeft UIInterfaceOrientationLandscapeRight";
				INFOPLIST_KEY_UISupportedInterfaceOrientations_iPhone = "UIInterfaceOrientationPortrait UIInterfaceOrientationLandscapeLeft UIInterfaceOrientationLandscapeRight";
				LD_RUNPATH_SEARCH_PATHS = (
					"$(inherited)",
					"@executable_path/Frameworks",
				);
				MARKETING_VERSION = 1.0;
				PRODUCT_BUNDLE_IDENTIFIER = "com.hyungyu.NetflixExample-AppCenter";
				PRODUCT_NAME = "$(TARGET_NAME)";
				SWIFT_EMIT_LOC_STRINGS = YES;
				SWIFT_VERSION = 5.0;
				TARGETED_DEVICE_FAMILY = "1,2";
			};
			name = Release;
		};
		2C6887432827DF8D0021C613 /* Debug */ = {
			isa = XCBuildConfiguration;
			buildSettings = {
				ALWAYS_EMBED_SWIFT_STANDARD_LIBRARIES = YES;
				BUNDLE_LOADER = "$(TEST_HOST)";
				CODE_SIGN_STYLE = Automatic;
				CURRENT_PROJECT_VERSION = 1;
				DEVELOPMENT_TEAM = 899UYL8QU3;
				GENERATE_INFOPLIST_FILE = YES;
				IPHONEOS_DEPLOYMENT_TARGET = 15.4;
				MARKETING_VERSION = 1.0;
				PRODUCT_BUNDLE_IDENTIFIER = "com.hyungyu.NetflixExample-AppCenterTests";
				PRODUCT_NAME = "$(TARGET_NAME)";
				SWIFT_EMIT_LOC_STRINGS = NO;
				SWIFT_VERSION = 5.0;
				TARGETED_DEVICE_FAMILY = "1,2";
				TEST_HOST = "$(BUILT_PRODUCTS_DIR)/NetflixExample_AppCenter.app/NetflixExample_AppCenter";
			};
			name = Debug;
		};
		2C6887442827DF8D0021C613 /* Release */ = {
			isa = XCBuildConfiguration;
			buildSettings = {
				ALWAYS_EMBED_SWIFT_STANDARD_LIBRARIES = YES;
				BUNDLE_LOADER = "$(TEST_HOST)";
				CODE_SIGN_STYLE = Automatic;
				CURRENT_PROJECT_VERSION = 1;
				DEVELOPMENT_TEAM = 899UYL8QU3;
				GENERATE_INFOPLIST_FILE = YES;
				IPHONEOS_DEPLOYMENT_TARGET = 15.4;
				MARKETING_VERSION = 1.0;
				PRODUCT_BUNDLE_IDENTIFIER = "com.hyungyu.NetflixExample-AppCenterTests";
				PRODUCT_NAME = "$(TARGET_NAME)";
				SWIFT_EMIT_LOC_STRINGS = NO;
				SWIFT_VERSION = 5.0;
				TARGETED_DEVICE_FAMILY = "1,2";
				TEST_HOST = "$(BUILT_PRODUCTS_DIR)/NetflixExample_AppCenter.app/NetflixExample_AppCenter";
			};
			name = Release;
		};
		2C6887462827DF8D0021C613 /* Debug */ = {
			isa = XCBuildConfiguration;
			buildSettings = {
				ALWAYS_EMBED_SWIFT_STANDARD_LIBRARIES = YES;
				CODE_SIGN_STYLE = Automatic;
				CURRENT_PROJECT_VERSION = 1;
				DEVELOPMENT_TEAM = 899UYL8QU3;
				GENERATE_INFOPLIST_FILE = YES;
				MARKETING_VERSION = 1.0;
				PRODUCT_BUNDLE_IDENTIFIER = "com.hyungyu.NetflixExample-AppCenterUITests";
				PRODUCT_NAME = "$(TARGET_NAME)";
				SWIFT_EMIT_LOC_STRINGS = NO;
				SWIFT_VERSION = 5.0;
				TARGETED_DEVICE_FAMILY = "1,2";
				TEST_TARGET_NAME = NetflixExample_AppCenter;
			};
			name = Debug;
		};
		2C6887472827DF8D0021C613 /* Release */ = {
			isa = XCBuildConfiguration;
			buildSettings = {
				ALWAYS_EMBED_SWIFT_STANDARD_LIBRARIES = YES;
				CODE_SIGN_STYLE = Automatic;
				CURRENT_PROJECT_VERSION = 1;
				DEVELOPMENT_TEAM = 899UYL8QU3;
				GENERATE_INFOPLIST_FILE = YES;
				MARKETING_VERSION = 1.0;
				PRODUCT_BUNDLE_IDENTIFIER = "com.hyungyu.NetflixExample-AppCenterUITests";
				PRODUCT_NAME = "$(TARGET_NAME)";
				SWIFT_EMIT_LOC_STRINGS = NO;
				SWIFT_VERSION = 5.0;
				TARGETED_DEVICE_FAMILY = "1,2";
				TEST_TARGET_NAME = NetflixExample_AppCenter;
			};
			name = Release;
		};
/* End XCBuildConfiguration section */

/* Begin XCConfigurationList section */
		2C68870D2827DF8B0021C613 /* Build configuration list for PBXProject "NetflixExample_AppCenter" */ = {
			isa = XCConfigurationList;
			buildConfigurations = (
				2C68873D2827DF8D0021C613 /* Debug */,
				2C68873E2827DF8D0021C613 /* Release */,
			);
			defaultConfigurationIsVisible = 0;
			defaultConfigurationName = Release;
		};
		2C68873F2827DF8D0021C613 /* Build configuration list for PBXNativeTarget "NetflixExample_AppCenter" */ = {
			isa = XCConfigurationList;
			buildConfigurations = (
				2C6887402827DF8D0021C613 /* Debug */,
				2C6887412827DF8D0021C613 /* Release */,
			);
			defaultConfigurationIsVisible = 0;
			defaultConfigurationName = Release;
		};
		2C6887422827DF8D0021C613 /* Build configuration list for PBXNativeTarget "NetflixExample_AppCenterTests" */ = {
			isa = XCConfigurationList;
			buildConfigurations = (
				2C6887432827DF8D0021C613 /* Debug */,
				2C6887442827DF8D0021C613 /* Release */,
			);
			defaultConfigurationIsVisible = 0;
			defaultConfigurationName = Release;
		};
		2C6887452827DF8D0021C613 /* Build configuration list for PBXNativeTarget "NetflixExample_AppCenterUITests" */ = {
			isa = XCConfigurationList;
			buildConfigurations = (
				2C6887462827DF8D0021C613 /* Debug */,
				2C6887472827DF8D0021C613 /* Release */,
			);
			defaultConfigurationIsVisible = 0;
			defaultConfigurationName = Release;
		};
/* End XCConfigurationList section */

/* Begin XCVersionGroup section */
		2C68871E2827DF8B0021C613 /* NetflixExample_AppCenter.xcdatamodeld */ = {
			isa = XCVersionGroup;
			children = (
				2C68871F2827DF8B0021C613 /* NetflixExample_AppCenter.xcdatamodel */,
			);
			currentVersion = 2C68871F2827DF8B0021C613 /* NetflixExample_AppCenter.xcdatamodel */;
			path = NetflixExample_AppCenter.xcdatamodeld;
			sourceTree = "<group>";
			versionGroupType = wrapper.xcdatamodel;
		};
/* End XCVersionGroup section */
	};
	rootObject = 2C68870A2827DF8B0021C613 /* Project object */;
}
